{
  "originHash" : "e9d755a4bee518071a3ff81e90fe4238b11d84bc56f25080a7df0a983969721c",
  "pins" : [
    {
      "identity" : "wireguard-apple",
      "kind" : "remoteSourceControl",
      "location" : "https://github.com/groupofstars/wireguard-apple",
      "state" : {
        "revision" : "f8cdfd6a78972c1060b5815728629d6de4e68f9b",
        "version" : "3.0.0"
      }
    }
  ],
  "version" : 3
}
